// !$*UTF8*$!
{
	archiveVersion = 1;
	classes = {
	};
	objectVersion = 56;
	objects = {

/* Begin PBXBuildFile section */
		9682D2092A665D8300CE5C24 /* AppDelegate.swift in Sources */ = {isa = PBXBuildFile; fileRef = 9682D2082A665D8300CE5C24 /* AppDelegate.swift */; };
		9682D20B2A665D8300CE5C24 /* SceneDelegate.swift in Sources */ = {isa = PBXBuildFile; fileRef = 9682D20A2A665D8300CE5C24 /* SceneDelegate.swift */; };
		9682D2122A665D8600CE5C24 /* Assets.xcassets in Resources */ = {isa = PBXBuildFile; fileRef = 9682D2112A665D8600CE5C24 /* Assets.xcassets */; };
		9682D2152A665D8600CE5C24 /* LaunchScreen.storyboard in Resources */ = {isa = PBXBuildFile; fileRef = 9682D2132A665D8600CE5C24 /* LaunchScreen.storyboard */; };
		9682D21E2A665EE200CE5C24 /* Model.swift in Sources */ = {isa = PBXBuildFile; fileRef = 9682D21D2A665EE200CE5C24 /* Model.swift */; };
		9682D2212A665F3100CE5C24 /* ApiService.swift in Sources */ = {isa = PBXBuildFile; fileRef = 9682D2202A665F3100CE5C24 /* ApiService.swift */; };
		9682D2282A665FBC00CE5C24 /* PizzaListVC.swift in Sources */ = {isa = PBXBuildFile; fileRef = 9682D2272A665FBC00CE5C24 /* PizzaListVC.swift */; };
		9682D22A2A66609900CE5C24 /* TabBarController.swift in Sources */ = {isa = PBXBuildFile; fileRef = 9682D2292A66609900CE5C24 /* TabBarController.swift */; };
		9682D22C2A6660B900CE5C24 /* ProfileInfoVC.swift in Sources */ = {isa = PBXBuildFile; fileRef = 9682D22B2A6660B900CE5C24 /* ProfileInfoVC.swift */; };
		9682D22E2A6662C400CE5C24 /* PizzaListHomeView.swift in Sources */ = {isa = PBXBuildFile; fileRef = 9682D22D2A6662C400CE5C24 /* PizzaListHomeView.swift */; };
		9682D2302A66651700CE5C24 /* BannerCellFlowLayout.swift in Sources */ = {isa = PBXBuildFile; fileRef = 9682D22F2A66651700CE5C24 /* BannerCellFlowLayout.swift */; };
		9682D2322A666AC800CE5C24 /* MenuCatCellFlowLayout.swift in Sources */ = {isa = PBXBuildFile; fileRef = 9682D2312A666AC800CE5C24 /* MenuCatCellFlowLayout.swift */; };
		9682D2342A66849D00CE5C24 /* PizzaInfoTableViewCell.swift in Sources */ = {isa = PBXBuildFile; fileRef = 9682D2332A66849D00CE5C24 /* PizzaInfoTableViewCell.swift */; };
		9682D2372A6687D400CE5C24 /* Extensions.swift in Sources */ = {isa = PBXBuildFile; fileRef = 9682D2362A6687D400CE5C24 /* Extensions.swift */; };
		9682D23A2A669CD600CE5C24 /* PizzaViewModel.swift in Sources */ = {isa = PBXBuildFile; fileRef = 9682D2392A669CD600CE5C24 /* PizzaViewModel.swift */; };
		968EBED22AF90F5400AA13C1 /* CustomCell.swift in Sources */ = {isa = PBXBuildFile; fileRef = 968EBED12AF90F5400AA13C1 /* CustomCell.swift */; };
		96CDD5D12A6B978600A8E1F8 /* AdvertisementBannerCollectionCell.swift in Sources */ = {isa = PBXBuildFile; fileRef = 96CDD5D02A6B978600A8E1F8 /* AdvertisementBannerCollectionCell.swift */; };
		96CDD5D32A6BBE6E00A8E1F8 /* DrinksToGoTableViewCell.swift in Sources */ = {isa = PBXBuildFile; fileRef = 96CDD5D22A6BBE6E00A8E1F8 /* DrinksToGoTableViewCell.swift */; };
		96CDD5D52A6BF6B400A8E1F8 /* MenuCatergoryCell.swift in Sources */ = {isa = PBXBuildFile; fileRef = 96CDD5D42A6BF6B400A8E1F8 /* MenuCatergoryCell.swift */; };
/* End PBXBuildFile section */

/* Begin PBXFileReference section */
		9682D2052A665D8300CE5C24 /* Dev-Zero-RxSwift.app */ = {isa = PBXFileReference; explicitFileType = wrapper.application; includeInIndex = 0; path = "Dev-Zero-RxSwift.app"; sourceTree = BUILT_PRODUCTS_DIR; };
		9682D2082A665D8300CE5C24 /* AppDelegate.swift */ = {isa = PBXFileReference; lastKnownFileType = sourcecode.swift; path = AppDelegate.swift; sourceTree = "<group>"; };
		9682D20A2A665D8300CE5C24 /* SceneDelegate.swift */ = {isa = PBXFileReference; lastKnownFileType = sourcecode.swift; path = SceneDelegate.swift; sourceTree = "<group>"; };
		9682D2112A665D8600CE5C24 /* Assets.xcassets */ = {isa = PBXFileReference; lastKnownFileType = folder.assetcatalog; path = Assets.xcassets; sourceTree = "<group>"; };
		9682D2142A665D8600CE5C24 /* Base */ = {isa = PBXFileReference; lastKnownFileType = file.storyboard; name = Base; path = Base.lproj/LaunchScreen.storyboard; sourceTree = "<group>"; };
		9682D2162A665D8600CE5C24 /* Info.plist */ = {isa = PBXFileReference; lastKnownFileType = text.plist.xml; path = Info.plist; sourceTree = "<group>"; };
		9682D21D2A665EE200CE5C24 /* Model.swift */ = {isa = PBXFileReference; fileEncoding = 4; lastKnownFileType = sourcecode.swift; path = Model.swift; sourceTree = "<group>"; };
		9682D2202A665F3100CE5C24 /* ApiService.swift */ = {isa = PBXFileReference; fileEncoding = 4; lastKnownFileType = sourcecode.swift; path = ApiService.swift; sourceTree = "<group>"; };
		9682D2272A665FBC00CE5C24 /* PizzaListVC.swift */ = {isa = PBXFileReference; lastKnownFileType = sourcecode.swift; path = PizzaListVC.swift; sourceTree = "<group>"; };
		9682D2292A66609900CE5C24 /* TabBarController.swift */ = {isa = PBXFileReference; fileEncoding = 4; lastKnownFileType = sourcecode.swift; path = TabBarController.swift; sourceTree = "<group>"; };
		9682D22B2A6660B900CE5C24 /* ProfileInfoVC.swift */ = {isa = PBXFileReference; lastKnownFileType = sourcecode.swift; path = ProfileInfoVC.swift; sourceTree = "<group>"; };
		9682D22D2A6662C400CE5C24 /* PizzaListHomeView.swift */ = {isa = PBXFileReference; lastKnownFileType = sourcecode.swift; path = PizzaListHomeView.swift; sourceTree = "<group>"; };
		9682D22F2A66651700CE5C24 /* BannerCellFlowLayout.swift */ = {isa = PBXFileReference; lastKnownFileType = sourcecode.swift; path = BannerCellFlowLayout.swift; sourceTree = "<group>"; };
		9682D2312A666AC800CE5C24 /* MenuCatCellFlowLayout.swift */ = {isa = PBXFileReference; fileEncoding = 4; lastKnownFileType = sourcecode.swift; path = MenuCatCellFlowLayout.swift; sourceTree = "<group>"; };
		9682D2332A66849D00CE5C24 /* PizzaInfoTableViewCell.swift */ = {isa = PBXFileReference; lastKnownFileType = sourcecode.swift; path = PizzaInfoTableViewCell.swift; sourceTree = "<group>"; };
		9682D2362A6687D400CE5C24 /* Extensions.swift */ = {isa = PBXFileReference; fileEncoding = 4; lastKnownFileType = sourcecode.swift; path = Extensions.swift; sourceTree = "<group>"; };
		9682D2392A669CD600CE5C24 /* PizzaViewModel.swift */ = {isa = PBXFileReference; lastKnownFileType = sourcecode.swift; path = PizzaViewModel.swift; sourceTree = "<group>"; };
		968EBED12AF90F5400AA13C1 /* CustomCell.swift */ = {isa = PBXFileReference; lastKnownFileType = sourcecode.swift; path = CustomCell.swift; sourceTree = "<group>"; };
		96CDD5D02A6B978600A8E1F8 /* AdvertisementBannerCollectionCell.swift */ = {isa = PBXFileReference; lastKnownFileType = sourcecode.swift; path = AdvertisementBannerCollectionCell.swift; sourceTree = "<group>"; };
		96CDD5D22A6BBE6E00A8E1F8 /* DrinksToGoTableViewCell.swift */ = {isa = PBXFileReference; lastKnownFileType = sourcecode.swift; path = DrinksToGoTableViewCell.swift; sourceTree = "<group>"; };
		96CDD5D42A6BF6B400A8E1F8 /* MenuCatergoryCell.swift */ = {isa = PBXFileReference; lastKnownFileType = sourcecode.swift; path = MenuCatergoryCell.swift; sourceTree = "<group>"; };
/* End PBXFileReference section */

/* Begin PBXFrameworksBuildPhase section */
		9682D2022A665D8300CE5C24 /* Frameworks */ = {
			isa = PBXFrameworksBuildPhase;
			buildActionMask = 2147483647;
			files = (
			);
			runOnlyForDeploymentPostprocessing = 0;
		};
/* End PBXFrameworksBuildPhase section */

/* Begin PBXGroup section */
		9682D1FC2A665D8300CE5C24 = {
			isa = PBXGroup;
			children = (
				9682D2072A665D8300CE5C24 /* Dev-Zero-RxSwift */,
				9682D2062A665D8300CE5C24 /* Products */,
			);
			sourceTree = "<group>";
		};
		9682D2062A665D8300CE5C24 /* Products */ = {
			isa = PBXGroup;
			children = (
				9682D2052A665D8300CE5C24 /* Dev-Zero-RxSwift.app */,
			);
			name = Products;
			sourceTree = "<group>";
		};
		9682D2072A665D8300CE5C24 /* Dev-Zero-RxSwift */ = {
			isa = PBXGroup;
			children = (
				9682D2082A665D8300CE5C24 /* AppDelegate.swift */,
				9682D20A2A665D8300CE5C24 /* SceneDelegate.swift */,
				968EBED32AF90FB400AA13C1 /* Pizza flow */,
				9682D21F2A665F3100CE5C24 /* Network */,
				9682D2352A6687D400CE5C24 /* Helpers */,
				9682D2112A665D8600CE5C24 /* Assets.xcassets */,
				9682D2132A665D8600CE5C24 /* LaunchScreen.storyboard */,
				9682D2162A665D8600CE5C24 /* Info.plist */,
			);
			path = "Dev-Zero-RxSwift";
			sourceTree = "<group>";
		};
		9682D21C2A665EE100CE5C24 /* Model */ = {
			isa = PBXGroup;
			children = (
				9682D21D2A665EE200CE5C24 /* Model.swift */,
			);
			path = Model;
			sourceTree = "<group>";
		};
		9682D21F2A665F3100CE5C24 /* Network */ = {
			isa = PBXGroup;
			children = (
				9682D2202A665F3100CE5C24 /* ApiService.swift */,
			);
			path = Network;
			sourceTree = "<group>";
		};
		9682D2222A665F5200CE5C24 /* View */ = {
			isa = PBXGroup;
			children = (
				9682D2262A665F9E00CE5C24 /* Cell */,
				9682D2252A665F8400CE5C24 /* ViewController */,
				9682D22D2A6662C400CE5C24 /* PizzaListHomeView.swift */,
			);
			path = View;
			sourceTree = "<group>";
		};
		9682D2252A665F8400CE5C24 /* ViewController */ = {
			isa = PBXGroup;
			children = (
				9682D2272A665FBC00CE5C24 /* PizzaListVC.swift */,
				9682D22B2A6660B900CE5C24 /* ProfileInfoVC.swift */,
				9682D2292A66609900CE5C24 /* TabBarController.swift */,
			);
			path = ViewController;
			sourceTree = "<group>";
		};
		9682D2262A665F9E00CE5C24 /* Cell */ = {
			isa = PBXGroup;
			children = (
				9682D22F2A66651700CE5C24 /* BannerCellFlowLayout.swift */,
				96CDD5D42A6BF6B400A8E1F8 /* MenuCatergoryCell.swift */,
				96CDD5D02A6B978600A8E1F8 /* AdvertisementBannerCollectionCell.swift */,
				9682D2312A666AC800CE5C24 /* MenuCatCellFlowLayout.swift */,
				968EBED12AF90F5400AA13C1 /* CustomCell.swift */,
				9682D2332A66849D00CE5C24 /* PizzaInfoTableViewCell.swift */,
				96CDD5D22A6BBE6E00A8E1F8 /* DrinksToGoTableViewCell.swift */,
			);
			path = Cell;
			sourceTree = "<group>";
		};
		9682D2352A6687D400CE5C24 /* Helpers */ = {
			isa = PBXGroup;
			children = (
				9682D2362A6687D400CE5C24 /* Extensions.swift */,
			);
			path = Helpers;
			sourceTree = "<group>";
		};
		9682D2382A669C8C00CE5C24 /* ViewModel */ = {
			isa = PBXGroup;
			children = (
				9682D2392A669CD600CE5C24 /* PizzaViewModel.swift */,
			);
			path = ViewModel;
			sourceTree = "<group>";
		};
		968EBED32AF90FB400AA13C1 /* Pizza flow */ = {
			isa = PBXGroup;
			children = (
				9682D21C2A665EE100CE5C24 /* Model */,
				9682D2222A665F5200CE5C24 /* View */,
				9682D2382A669C8C00CE5C24 /* ViewModel */,
			);
			path = "Pizza flow";
			sourceTree = "<group>";
		};
/* End PBXGroup section */

/* Begin PBXNativeTarget section */
		9682D2042A665D8300CE5C24 /* Dev-Zero-RxSwift */ = {
			isa = PBXNativeTarget;
			buildConfigurationList = 9682D2192A665D8600CE5C24 /* Build configuration list for PBXNativeTarget "Dev-Zero-RxSwift" */;
			buildPhases = (
				9682D2012A665D8300CE5C24 /* Sources */,
				9682D2022A665D8300CE5C24 /* Frameworks */,
				9682D2032A665D8300CE5C24 /* Resources */,
			);
			buildRules = (
			);
			dependencies = (
			);
			name = "Dev-Zero-RxSwift";
			productName = "Dev-Zero-RxSwift";
			productReference = 9682D2052A665D8300CE5C24 /* Dev-Zero-RxSwift.app */;
			productType = "com.apple.product-type.application";
		};
/* End PBXNativeTarget section */

/* Begin PBXProject section */
		9682D1FD2A665D8300CE5C24 /* Project object */ = {
			isa = PBXProject;
			attributes = {
				BuildIndependentTargetsInParallel = 1;
				LastSwiftUpdateCheck = 1430;
				LastUpgradeCheck = 1430;
				TargetAttributes = {
					9682D2042A665D8300CE5C24 = {
						CreatedOnToolsVersion = 14.3.1;
					};
				};
			};
			buildConfigurationList = 9682D2002A665D8300CE5C24 /* Build configuration list for PBXProject "Dev-Zero-RxSwift" */;
			compatibilityVersion = "Xcode 14.0";
			developmentRegion = en;
			hasScannedForEncodings = 0;
			knownRegions = (
				en,
				Base,
			);
			mainGroup = 9682D1FC2A665D8300CE5C24;
			productRefGroup = 9682D2062A665D8300CE5C24 /* Products */;
			projectDirPath = "";
			projectRoot = "";
			targets = (
				9682D2042A665D8300CE5C24 /* Dev-Zero-RxSwift */,
			);
		};
/* End PBXProject section */

/* Begin PBXResourcesBuildPhase section */
		9682D2032A665D8300CE5C24 /* Resources */ = {
			isa = PBXResourcesBuildPhase;
			buildActionMask = 2147483647;
			files = (
				9682D2152A665D8600CE5C24 /* LaunchScreen.storyboard in Resources */,
				9682D2122A665D8600CE5C24 /* Assets.xcassets in Resources */,
			);
			runOnlyForDeploymentPostprocessing = 0;
		};
/* End PBXResourcesBuildPhase section */

/* Begin PBXSourcesBuildPhase section */
		9682D2012A665D8300CE5C24 /* Sources */ = {
			isa = PBXSourcesBuildPhase;
			buildActionMask = 2147483647;
			files = (
				9682D2282A665FBC00CE5C24 /* PizzaListVC.swift in Sources */,
				96CDD5D12A6B978600A8E1F8 /* AdvertisementBannerCollectionCell.swift in Sources */,
				968EBED22AF90F5400AA13C1 /* CustomCell.swift in Sources */,
				9682D2342A66849D00CE5C24 /* PizzaInfoTableViewCell.swift in Sources */,
				9682D2322A666AC800CE5C24 /* MenuCatCellFlowLayout.swift in Sources */,
				9682D2302A66651700CE5C24 /* BannerCellFlowLayout.swift in Sources */,
				9682D23A2A669CD600CE5C24 /* PizzaViewModel.swift in Sources */,
				9682D22A2A66609900CE5C24 /* TabBarController.swift in Sources */,
				96CDD5D52A6BF6B400A8E1F8 /* MenuCatergoryCell.swift in Sources */,
				9682D22E2A6662C400CE5C24 /* PizzaListHomeView.swift in Sources */,
				9682D22C2A6660B900CE5C24 /* ProfileInfoVC.swift in Sources */,
				9682D2372A6687D400CE5C24 /* Extensions.swift in Sources */,
				9682D2212A665F3100CE5C24 /* ApiService.swift in Sources */,
				9682D2092A665D8300CE5C24 /* AppDelegate.swift in Sources */,
				9682D20B2A665D8300CE5C24 /* SceneDelegate.swift in Sources */,
				9682D21E2A665EE200CE5C24 /* Model.swift in Sources */,
				96CDD5D32A6BBE6E00A8E1F8 /* DrinksToGoTableViewCell.swift in Sources */,
			);
			runOnlyForDeploymentPostprocessing = 0;
		};
/* End PBXSourcesBuildPhase section */

/* Begin PBXVariantGroup section */
		9682D2132A665D8600CE5C24 /* LaunchScreen.storyboard */ = {
			isa = PBXVariantGroup;
			children = (
				9682D2142A665D8600CE5C24 /* Base */,
			);
			name = LaunchScreen.storyboard;
			sourceTree = "<group>";
		};
/* End PBXVariantGroup section */

/* Begin XCBuildConfiguration section */
		9682D2172A665D8600CE5C24 /* Debug */ = {
			isa = XCBuildConfiguration;
			buildSettings = {
				ALWAYS_SEARCH_USER_PATHS = NO;
				CLANG_ANALYZER_NONNULL = YES;
				CLANG_ANALYZER_NUMBER_OBJECT_CONVERSION = YES_AGGRESSIVE;
				CLANG_CXX_LANGUAGE_STANDARD = "gnu++20";
				CLANG_ENABLE_MODULES = YES;
				CLANG_ENABLE_OBJC_ARC = YES;
				CLANG_ENABLE_OBJC_WEAK = YES;
				CLANG_WARN_BLOCK_CAPTURE_AUTORELEASING = YES;
				CLANG_WARN_BOOL_CONVERSION = YES;
				CLANG_WARN_COMMA = YES;
				CLANG_WARN_CONSTANT_CONVERSION = YES;
				CLANG_WARN_DEPRECATED_OBJC_IMPLEMENTATIONS = YES;
				CLANG_WARN_DIRECT_OBJC_ISA_USAGE = YES_ERROR;
				CLANG_WARN_DOCUMENTATION_COMMENTS = YES;
				CLANG_WARN_EMPTY_BODY = YES;
				CLANG_WARN_ENUM_CONVERSION = YES;
				CLANG_WARN_INFINITE_RECURSION = YES;
				CLANG_WARN_INT_CONVERSION = YES;
				CLANG_WARN_NON_LITERAL_NULL_CONVERSION = YES;
				CLANG_WARN_OBJC_IMPLICIT_RETAIN_SELF = YES;
				CLANG_WARN_OBJC_LITERAL_CONVERSION = YES;
				CLANG_WARN_OBJC_ROOT_CLASS = YES_ERROR;
				CLANG_WARN_QUOTED_INCLUDE_IN_FRAMEWORK_HEADER = YES;
				CLANG_WARN_RANGE_LOOP_ANALYSIS = YES;
				CLANG_WARN_STRICT_PROTOTYPES = YES;
				CLANG_WARN_SUSPICIOUS_MOVE = YES;
				CLANG_WARN_UNGUARDED_AVAILABILITY = YES_AGGRESSIVE;
				CLANG_WARN_UNREACHABLE_CODE = YES;
				CLANG_WARN__DUPLICATE_METHOD_MATCH = YES;
				COPY_PHASE_STRIP = NO;
				DEBUG_INFORMATION_FORMAT = dwarf;
				ENABLE_STRICT_OBJC_MSGSEND = YES;
				ENABLE_TESTABILITY = YES;
				GCC_C_LANGUAGE_STANDARD = gnu11;
				GCC_DYNAMIC_NO_PIC = NO;
				GCC_NO_COMMON_BLOCKS = YES;
				GCC_OPTIMIZATION_LEVEL = 0;
				GCC_PREPROCESSOR_DEFINITIONS = (
					"DEBUG=1",
					"$(inherited)",
				);
				GCC_WARN_64_TO_32_BIT_CONVERSION = YES;
				GCC_WARN_ABOUT_RETURN_TYPE = YES_ERROR;
				GCC_WARN_UNDECLARED_SELECTOR = YES;
				GCC_WARN_UNINITIALIZED_AUTOS = YES_AGGRESSIVE;
				GCC_WARN_UNUSED_FUNCTION = YES;
				GCC_WARN_UNUSED_VARIABLE = YES;
				IPHONEOS_DEPLOYMENT_TARGET = 16.4;
				MTL_ENABLE_DEBUG_INFO = INCLUDE_SOURCE;
				MTL_FAST_MATH = YES;
				ONLY_ACTIVE_ARCH = YES;
				SDKROOT = iphoneos;
				SWIFT_ACTIVE_COMPILATION_CONDITIONS = DEBUG;
				SWIFT_OPTIMIZATION_LEVEL = "-Onone";
			};
			name = Debug;
		};
		9682D2182A665D8600CE5C24 /* Release */ = {
			isa = XCBuildConfiguration;
			buildSettings = {
				ALWAYS_SEARCH_USER_PATHS = NO;
				CLANG_ANALYZER_NONNULL = YES;
				CLANG_ANALYZER_NUMBER_OBJECT_CONVERSION = YES_AGGRESSIVE;
				CLANG_CXX_LANGUAGE_STANDARD = "gnu++20";
				CLANG_ENABLE_MODULES = YES;
				CLANG_ENABLE_OBJC_ARC = YES;
				CLANG_ENABLE_OBJC_WEAK = YES;
				CLANG_WARN_BLOCK_CAPTURE_AUTORELEASING = YES;
				CLANG_WARN_BOOL_CONVERSION = YES;
				CLANG_WARN_COMMA = YES;
				CLANG_WARN_CONSTANT_CONVERSION = YES;
				CLANG_WARN_DEPRECATED_OBJC_IMPLEMENTATIONS = YES;
				CLANG_WARN_DIRECT_OBJC_ISA_USAGE = YES_ERROR;
				CLANG_WARN_DOCUMENTATION_COMMENTS = YES;
				CLANG_WARN_EMPTY_BODY = YES;
				CLANG_WARN_ENUM_CONVERSION = YES;
				CLANG_WARN_INFINITE_RECURSION = YES;
				CLANG_WARN_INT_CONVERSION = YES;
				CLANG_WARN_NON_LITERAL_NULL_CONVERSION = YES;
				CLANG_WARN_OBJC_IMPLICIT_RETAIN_SELF = YES;
				CLANG_WARN_OBJC_LITERAL_CONVERSION = YES;
				CLANG_WARN_OBJC_ROOT_CLASS = YES_ERROR;
				CLANG_WARN_QUOTED_INCLUDE_IN_FRAMEWORK_HEADER = YES;
				CLANG_WARN_RANGE_LOOP_ANALYSIS = YES;
				CLANG_WARN_STRICT_PROTOTYPES = YES;
				CLANG_WARN_SUSPICIOUS_MOVE = YES;
				CLANG_WARN_UNGUARDED_AVAILABILITY = YES_AGGRESSIVE;
				CLANG_WARN_UNREACHABLE_CODE = YES;
				CLANG_WARN__DUPLICATE_METHOD_MATCH = YES;
				COPY_PHASE_STRIP = NO;
				DEBUG_INFORMATION_FORMAT = "dwarf-with-dsym";
				ENABLE_NS_ASSERTIONS = NO;
				ENABLE_STRICT_OBJC_MSGSEND = YES;
				GCC_C_LANGUAGE_STANDARD = gnu11;
				GCC_NO_COMMON_BLOCKS = YES;
				GCC_WARN_64_TO_32_BIT_CONVERSION = YES;
				GCC_WARN_ABOUT_RETURN_TYPE = YES_ERROR;
				GCC_WARN_UNDECLARED_SELECTOR = YES;
				GCC_WARN_UNINITIALIZED_AUTOS = YES_AGGRESSIVE;
				GCC_WARN_UNUSED_FUNCTION = YES;
				GCC_WARN_UNUSED_VARIABLE = YES;
				IPHONEOS_DEPLOYMENT_TARGET = 16.4;
				MTL_ENABLE_DEBUG_INFO = NO;
				MTL_FAST_MATH = YES;
				SDKROOT = iphoneos;
				SWIFT_COMPILATION_MODE = wholemodule;
				SWIFT_OPTIMIZATION_LEVEL = "-O";
				VALIDATE_PRODUCT = YES;
			};
			name = Release;
		};
		9682D21A2A665D8600CE5C24 /* Debug */ = {
			isa = XCBuildConfiguration;
			buildSettings = {
				ASSETCATALOG_COMPILER_APPICON_NAME = AppIcon;
				ASSETCATALOG_COMPILER_GLOBAL_ACCENT_COLOR_NAME = AccentColor;
				CODE_SIGN_STYLE = Automatic;
				CURRENT_PROJECT_VERSION = 1;
				DEVELOPMENT_TEAM = WT77VV47BZ;
				GENERATE_INFOPLIST_FILE = YES;
				INFOPLIST_FILE = "Dev-Zero-RxSwift/Info.plist";
				INFOPLIST_KEY_UIApplicationSupportsIndirectInputEvents = YES;
				INFOPLIST_KEY_UILaunchStoryboardName = LaunchScreen;
				INFOPLIST_KEY_UIMainStoryboardFile = "";
				INFOPLIST_KEY_UISupportedInterfaceOrientations_iPad = "UIInterfaceOrientationPortrait UIInterfaceOrientationPortraitUpsideDown UIInterfaceOrientationLandscapeLeft UIInterfaceOrientationLandscapeRight";
				INFOPLIST_KEY_UISupportedInterfaceOrientations_iPhone = "UIInterfaceOrientationPortrait UIInterfaceOrientationLandscapeLeft UIInterfaceOrientationLandscapeRight";
				LD_RUNPATH_SEARCH_PATHS = (
					"$(inherited)",
					"@executable_path/Frameworks",
				);
				MARKETING_VERSION = 1.0;
				PRODUCT_BUNDLE_IDENTIFIER = "com.Dev-Zero-RxSwift.Dev-Zero-RxSwift";
				PRODUCT_NAME = "$(TARGET_NAME)";
				SWIFT_EMIT_LOC_STRINGS = YES;
				SWIFT_VERSION = 5.0;
				TARGETED_DEVICE_FAMILY = "1,2";
			};
			name = Debug;
		};
		9682D21B2A665D8600CE5C24 /* Release */ = {
			isa = XCBuildConfiguration;
			buildSettings = {
				ASSETCATALOG_COMPILER_APPICON_NAME = AppIcon;
				ASSETCATALOG_COMPILER_GLOBAL_ACCENT_COLOR_NAME = AccentColor;
				CODE_SIGN_STYLE = Automatic;
				CURRENT_PROJECT_VERSION = 1;
				DEVELOPMENT_TEAM = WT77VV47BZ;
				GENERATE_INFOPLIST_FILE = YES;
				INFOPLIST_FILE = "Dev-Zero-RxSwift/Info.plist";
				INFOPLIST_KEY_UIApplicationSupportsIndirectInputEvents = YES;
				INFOPLIST_KEY_UILaunchStoryboardName = LaunchScreen;
				INFOPLIST_KEY_UIMainStoryboardFile = "";
				INFOPLIST_KEY_UISupportedInterfaceOrientations_iPad = "UIInterfaceOrientationPortrait UIInterfaceOrientationPortraitUpsideDown UIInterfaceOrientationLandscapeLeft UIInterfaceOrientationLandscapeRight";
				INFOPLIST_KEY_UISupportedInterfaceOrientations_iPhone = "UIInterfaceOrientationPortrait UIInterfaceOrientationLandscapeLeft UIInterfaceOrientationLandscapeRight";
				LD_RUNPATH_SEARCH_PATHS = (
					"$(inherited)",
					"@executable_path/Frameworks",
				);
				MARKETING_VERSION = 1.0;
				PRODUCT_BUNDLE_IDENTIFIER = "com.Dev-Zero-RxSwift.Dev-Zero-RxSwift";
				PRODUCT_NAME = "$(TARGET_NAME)";
				SWIFT_EMIT_LOC_STRINGS = YES;
				SWIFT_VERSION = 5.0;
				TARGETED_DEVICE_FAMILY = "1,2";
			};
			name = Release;
		};
/* End XCBuildConfiguration section */

/* Begin XCConfigurationList section */
		9682D2002A665D8300CE5C24 /* Build configuration list for PBXProject "Dev-Zero-RxSwift" */ = {
			isa = XCConfigurationList;
			buildConfigurations = (
				9682D2172A665D8600CE5C24 /* Debug */,
				9682D2182A665D8600CE5C24 /* Release */,
			);
			defaultConfigurationIsVisible = 0;
			defaultConfigurationName = Release;
		};
		9682D2192A665D8600CE5C24 /* Build configuration list for PBXNativeTarget "Dev-Zero-RxSwift" */ = {
			isa = XCConfigurationList;
			buildConfigurations = (
				9682D21A2A665D8600CE5C24 /* Debug */,
				9682D21B2A665D8600CE5C24 /* Release */,
			);
			defaultConfigurationIsVisible = 0;
			defaultConfigurationName = Release;
		};
/* End XCConfigurationList section */
	};
	rootObject = 9682D1FD2A665D8300CE5C24 /* Project object */;
}
